{
  "name": "ProyectoModulo5",
  "lockfileVersion": 3,
  "requires": true,
  "packages": {
    "": {
      "dependencies": {
        "@mercadopago/sdk-js": "^0.0.3"
      }
    },
    "node_modules/@mercadopago/sdk-js": {
      "version": "0.0.3",
      "resolved": "https://registry.npmjs.org/@mercadopago/sdk-js/-/sdk-js-0.0.3.tgz",
      "integrity": "sha512-kO48DNLHdfFAp3on12nuKdqNlEmw1x3+nM6wLd04BdWOXoFcAhkNMQV3AyUIanXdO/bB/dENakdacLT29297EQ=="
    }
  }
}
